
Microsoft Visual Studio Solution File, Format Version 12.00
# Visual Studio Version 17
VisualStudioVersion = 17.4.32804.182
MinimumVisualStudioVersion = 10.0.40219.1
Project("{FAE04EC0-301F-11D3-BF4B-00C04F79EFBC}") = "CSA22", "CSA22\CSA22.csproj", "{B797860B-F824-42E6-BE1E-FA97A07B37DA}"
EndProject
Global
	GlobalSection(SolutionConfigurationPlatforms) = preSolution
		Debug|Any CPU = Debug|Any CPU
		Release|Any CPU = Release|Any CPU
	EndGlobalSection
	GlobalSection(ProjectConfigurationPlatforms) = postSolution
		{B797860B-F824-42E6-BE1E-FA97A07B37DA}.Debug|Any CPU.ActiveCfg = Debug|Any CPU
		{B797860B-F824-42E6-BE1E-FA97A07B37DA}.Debug|Any CPU.Build.0 = Debug|Any CPU
		{B797860B-F824-42E6-BE1E-FA97A07B37DA}.Release|Any CPU.ActiveCfg = Release|Any CPU
		{B797860B-F824-42E6-BE1E-FA97A07B37DA}.Release|Any CPU.Build.0 = Release|Any CPU
	EndGlobalSection
	GlobalSection(SolutionProperties) = preSolution
		HideSolutionNode = FALSE
	EndGlobalSection
	GlobalSection(ExtensibilityGlobals) = postSolution
		SolutionGuid = {23870B48-302F-4E50-886D-FCE268831289}
	EndGlobalSection
EndGlobal
